// !$*UTF8*$!
{
	archiveVersion = 1;
	classes = {
	};
	objectVersion = 50;
	objects = {

/* Begin PBXBuildFile section */
		FC4276DB26321E1E0060A553 /* HomeViewController.swift in Sources */ = {isa = PBXBuildFile; fileRef = FC4276DA26321E1E0060A553 /* HomeViewController.swift */; };
		FC4276DE26321E710060A553 /* ProfileViewController.swift in Sources */ = {isa = PBXBuildFile; fileRef = FC4276DD26321E710060A553 /* ProfileViewController.swift */; };
		FC98A9402618B5100066725E /* AppDelegate.swift in Sources */ = {isa = PBXBuildFile; fileRef = FC98A93F2618B5100066725E /* AppDelegate.swift */; };
		FC98A9422618B5100066725E /* SceneDelegate.swift in Sources */ = {isa = PBXBuildFile; fileRef = FC98A9412618B5100066725E /* SceneDelegate.swift */; };
		FC98A9442618B5100066725E /* ViewController.swift in Sources */ = {isa = PBXBuildFile; fileRef = FC98A9432618B5100066725E /* ViewController.swift */; };
		FC98A9472618B5100066725E /* Main.storyboard in Resources */ = {isa = PBXBuildFile; fileRef = FC98A9452618B5100066725E /* Main.storyboard */; };
		FC98A9492618B5140066725E /* Assets.xcassets in Resources */ = {isa = PBXBuildFile; fileRef = FC98A9482618B5140066725E /* Assets.xcassets */; };
		FC98A94C2618B5140066725E /* LaunchScreen.storyboard in Resources */ = {isa = PBXBuildFile; fileRef = FC98A94A2618B5140066725E /* LaunchScreen.storyboard */; };
		FC98A9552618B56B0066725E /* SignUpViewController.swift in Sources */ = {isa = PBXBuildFile; fileRef = FC98A9542618B56B0066725E /* SignUpViewController.swift */; };
		FC98A9582618B5840066725E /* ConfirmViewController.swift in Sources */ = {isa = PBXBuildFile; fileRef = FC98A9572618B5840066725E /* ConfirmViewController.swift */; };
/* End PBXBuildFile section */

/* Begin PBXFileReference section */
		FC4276DA26321E1E0060A553 /* HomeViewController.swift */ = {isa = PBXFileReference; lastKnownFileType = sourcecode.swift; path = HomeViewController.swift; sourceTree = "<group>"; };
		FC4276DD26321E710060A553 /* ProfileViewController.swift */ = {isa = PBXFileReference; lastKnownFileType = sourcecode.swift; path = ProfileViewController.swift; sourceTree = "<group>"; };
		FC98A93C2618B5100066725E /* Week1_hw.app */ = {isa = PBXFileReference; explicitFileType = wrapper.application; includeInIndex = 0; path = Week1_hw.app; sourceTree = BUILT_PRODUCTS_DIR; };
		FC98A93F2618B5100066725E /* AppDelegate.swift */ = {isa = PBXFileReference; lastKnownFileType = sourcecode.swift; path = AppDelegate.swift; sourceTree = "<group>"; };
		FC98A9412618B5100066725E /* SceneDelegate.swift */ = {isa = PBXFileReference; lastKnownFileType = sourcecode.swift; path = SceneDelegate.swift; sourceTree = "<group>"; };
		FC98A9432618B5100066725E /* ViewController.swift */ = {isa = PBXFileReference; lastKnownFileType = sourcecode.swift; path = ViewController.swift; sourceTree = "<group>"; };
		FC98A9462618B5100066725E /* Base */ = {isa = PBXFileReference; lastKnownFileType = file.storyboard; name = Base; path = Base.lproj/Main.storyboard; sourceTree = "<group>"; };
		FC98A9482618B5140066725E /* Assets.xcassets */ = {isa = PBXFileReference; lastKnownFileType = folder.assetcatalog; path = Assets.xcassets; sourceTree = "<group>"; };
		FC98A94B2618B5140066725E /* Base */ = {isa = PBXFileReference; lastKnownFileType = file.storyboard; name = Base; path = Base.lproj/LaunchScreen.storyboard; sourceTree = "<group>"; };
		FC98A94D2618B5140066725E /* Info.plist */ = {isa = PBXFileReference; lastKnownFileType = text.plist.xml; path = Info.plist; sourceTree = "<group>"; };
		FC98A9542618B56B0066725E /* SignUpViewController.swift */ = {isa = PBXFileReference; lastKnownFileType = sourcecode.swift; path = SignUpViewController.swift; sourceTree = "<group>"; };
		FC98A9572618B5840066725E /* ConfirmViewController.swift */ = {isa = PBXFileReference; lastKnownFileType = sourcecode.swift; path = ConfirmViewController.swift; sourceTree = "<group>"; };
/* End PBXFileReference section */

/* Begin PBXFrameworksBuildPhase section */
		FC98A9392618B5100066725E /* Frameworks */ = {
			isa = PBXFrameworksBuildPhase;
			buildActionMask = 2147483647;
			files = (
			);
			runOnlyForDeploymentPostprocessing = 0;
		};
/* End PBXFrameworksBuildPhase section */

/* Begin PBXGroup section */
		FC98A9332618B5100066725E = {
			isa = PBXGroup;
			children = (
				FC98A93E2618B5100066725E /* Week1_hw */,
				FC98A93D2618B5100066725E /* Products */,
			);
			sourceTree = "<group>";
		};
		FC98A93D2618B5100066725E /* Products */ = {
			isa = PBXGroup;
			children = (
				FC98A93C2618B5100066725E /* Week1_hw.app */,
			);
			name = Products;
			sourceTree = "<group>";
		};
		FC98A93E2618B5100066725E /* Week1_hw */ = {
			isa = PBXGroup;
			children = (
				FC98A93F2618B5100066725E /* AppDelegate.swift */,
				FC98A9412618B5100066725E /* SceneDelegate.swift */,
				FC98A9432618B5100066725E /* ViewController.swift */,
				FC98A9452618B5100066725E /* Main.storyboard */,
				FC4276DA26321E1E0060A553 /* HomeViewController.swift */,
				FC4276DD26321E710060A553 /* ProfileViewController.swift */,
				FC98A9542618B56B0066725E /* SignUpViewController.swift */,
				FC98A9572618B5840066725E /* ConfirmViewController.swift */,
				FC98A9482618B5140066725E /* Assets.xcassets */,
				FC98A94A2618B5140066725E /* LaunchScreen.storyboard */,
				FC98A94D2618B5140066725E /* Info.plist */,
			);
			path = Week1_hw;
			sourceTree = "<group>";
		};
/* End PBXGroup section */

/* Begin PBXNativeTarget section */
		FC98A93B2618B5100066725E /* Week1_hw */ = {
			isa = PBXNativeTarget;
			buildConfigurationList = FC98A9502618B5140066725E /* Build configuration list for PBXNativeTarget "Week1_hw" */;
			buildPhases = (
				FC98A9382618B5100066725E /* Sources */,
				FC98A9392618B5100066725E /* Frameworks */,
				FC98A93A2618B5100066725E /* Resources */,
			);
			buildRules = (
			);
			dependencies = (
			);
			name = Week1_hw;
			productName = Week1_hw;
			productReference = FC98A93C2618B5100066725E /* Week1_hw.app */;
			productType = "com.apple.product-type.application";
		};
/* End PBXNativeTarget section */

/* Begin PBXProject section */
		FC98A9342618B5100066725E /* Project object */ = {
			isa = PBXProject;
			attributes = {
				LastSwiftUpdateCheck = 1240;
				LastUpgradeCheck = 1240;
				TargetAttributes = {
					FC98A93B2618B5100066725E = {
						CreatedOnToolsVersion = 12.4;
					};
				};
			};
			buildConfigurationList = FC98A9372618B5100066725E /* Build configuration list for PBXProject "Week1_hw" */;
			compatibilityVersion = "Xcode 9.3";
			developmentRegion = en;
			hasScannedForEncodings = 0;
			knownRegions = (
				en,
				Base,
			);
			mainGroup = FC98A9332618B5100066725E;
			productRefGroup = FC98A93D2618B5100066725E /* Products */;
			projectDirPath = "";
			projectRoot = "";
			targets = (
				FC98A93B2618B5100066725E /* Week1_hw */,
			);
		};
/* End PBXProject section */

/* Begin PBXResourcesBuildPhase section */
		FC98A93A2618B5100066725E /* Resources */ = {
			isa = PBXResourcesBuildPhase;
			buildActionMask = 2147483647;
			files = (
				FC98A94C2618B5140066725E /* LaunchScreen.storyboard in Resources */,
				FC98A9492618B5140066725E /* Assets.xcassets in Resources */,
				FC98A9472618B5100066725E /* Main.storyboard in Resources */,
			);
			runOnlyForDeploymentPostprocessing = 0;
		};
/* End PBXResourcesBuildPhase section */

/* Begin PBXSourcesBuildPhase section */
		FC98A9382618B5100066725E /* Sources */ = {
			isa = PBXSourcesBuildPhase;
			buildActionMask = 2147483647;
			files = (
				FC98A9582618B5840066725E /* ConfirmViewController.swift in Sources */,
				FC98A9442618B5100066725E /* ViewController.swift in Sources */,
				FC98A9402618B5100066725E /* AppDelegate.swift in Sources */,
				FC98A9552618B56B0066725E /* SignUpViewController.swift in Sources */,
				FC4276DE26321E710060A553 /* ProfileViewController.swift in Sources */,
				FC98A9422618B5100066725E /* SceneDelegate.swift in Sources */,
				FC4276DB26321E1E0060A553 /* HomeViewController.swift in Sources */,
			);
			runOnlyForDeploymentPostprocessing = 0;
		};
/* End PBXSourcesBuildPhase section */

/* Begin PBXVariantGroup section */
		FC98A9452618B5100066725E /* Main.storyboard */ = {
			isa = PBXVariantGroup;
			children = (
				FC98A9462618B5100066725E /* Base */,
			);
			name = Main.storyboard;
			sourceTree = "<group>";
		};
		FC98A94A2618B5140066725E /* LaunchScreen.storyboard */ = {
			isa = PBXVariantGroup;
			children = (
				FC98A94B2618B5140066725E /* Base */,
			);
			name = LaunchScreen.storyboard;
			sourceTree = "<group>";
		};
/* End PBXVariantGroup section */

/* Begin XCBuildConfiguration section */
		FC98A94E2618B5140066725E /* Debug */ = {
			isa = XCBuildConfiguration;
			buildSettings = {
				ALWAYS_SEARCH_USER_PATHS = NO;
				CLANG_ANALYZER_NONNULL = YES;
				CLANG_ANALYZER_NUMBER_OBJECT_CONVERSION = YES_AGGRESSIVE;
				CLANG_CXX_LANGUAGE_STANDARD = "gnu++14";
				CLANG_CXX_LIBRARY = "libc++";
				CLANG_ENABLE_MODULES = YES;
				CLANG_ENABLE_OBJC_ARC = YES;
				CLANG_ENABLE_OBJC_WEAK = YES;
				CLANG_WARN_BLOCK_CAPTURE_AUTORELEASING = YES;
				CLANG_WARN_BOOL_CONVERSION = YES;
				CLANG_WARN_COMMA = YES;
				CLANG_WARN_CONSTANT_CONVERSION = YES;
				CLANG_WARN_DEPRECATED_OBJC_IMPLEMENTATIONS = YES;
				CLANG_WARN_DIRECT_OBJC_ISA_USAGE = YES_ERROR;
				CLANG_WARN_DOCUMENTATION_COMMENTS = YES;
				CLANG_WARN_EMPTY_BODY = YES;
				CLANG_WARN_ENUM_CONVERSION = YES;
				CLANG_WARN_INFINITE_RECURSION = YES;
				CLANG_WARN_INT_CONVERSION = YES;
				CLANG_WARN_NON_LITERAL_NULL_CONVERSION = YES;
				CLANG_WARN_OBJC_IMPLICIT_RETAIN_SELF = YES;
				CLANG_WARN_OBJC_LITERAL_CONVERSION = YES;
				CLANG_WARN_OBJC_ROOT_CLASS = YES_ERROR;
				CLANG_WARN_QUOTED_INCLUDE_IN_FRAMEWORK_HEADER = YES;
				CLANG_WARN_RANGE_LOOP_ANALYSIS = YES;
				CLANG_WARN_STRICT_PROTOTYPES = YES;
				CLANG_WARN_SUSPICIOUS_MOVE = YES;
				CLANG_WARN_UNGUARDED_AVAILABILITY = YES_AGGRESSIVE;
				CLANG_WARN_UNREACHABLE_CODE = YES;
				CLANG_WARN__DUPLICATE_METHOD_MATCH = YES;
				COPY_PHASE_STRIP = NO;
				DEBUG_INFORMATION_FORMAT = dwarf;
				ENABLE_STRICT_OBJC_MSGSEND = YES;
				ENABLE_TESTABILITY = YES;
				GCC_C_LANGUAGE_STANDARD = gnu11;
				GCC_DYNAMIC_NO_PIC = NO;
				GCC_NO_COMMON_BLOCKS = YES;
				GCC_OPTIMIZATION_LEVEL = 0;
				GCC_PREPROCESSOR_DEFINITIONS = (
					"DEBUG=1",
					"$(inherited)",
				);
				GCC_WARN_64_TO_32_BIT_CONVERSION = YES;
				GCC_WARN_ABOUT_RETURN_TYPE = YES_ERROR;
				GCC_WARN_UNDECLARED_SELECTOR = YES;
				GCC_WARN_UNINITIALIZED_AUTOS = YES_AGGRESSIVE;
				GCC_WARN_UNUSED_FUNCTION = YES;
				GCC_WARN_UNUSED_VARIABLE = YES;
				IPHONEOS_DEPLOYMENT_TARGET = 14.4;
				MTL_ENABLE_DEBUG_INFO = INCLUDE_SOURCE;
				MTL_FAST_MATH = YES;
				ONLY_ACTIVE_ARCH = YES;
				SDKROOT = iphoneos;
				SWIFT_ACTIVE_COMPILATION_CONDITIONS = DEBUG;
				SWIFT_OPTIMIZATION_LEVEL = "-Onone";
			};
			name = Debug;
		};
		FC98A94F2618B5140066725E /* Release */ = {
			isa = XCBuildConfiguration;
			buildSettings = {
				ALWAYS_SEARCH_USER_PATHS = NO;
				CLANG_ANALYZER_NONNULL = YES;
				CLANG_ANALYZER_NUMBER_OBJECT_CONVERSION = YES_AGGRESSIVE;
				CLANG_CXX_LANGUAGE_STANDARD = "gnu++14";
				CLANG_CXX_LIBRARY = "libc++";
				CLANG_ENABLE_MODULES = YES;
				CLANG_ENABLE_OBJC_ARC = YES;
				CLANG_ENABLE_OBJC_WEAK = YES;
				CLANG_WARN_BLOCK_CAPTURE_AUTORELEASING = YES;
				CLANG_WARN_BOOL_CONVERSION = YES;
				CLANG_WARN_COMMA = YES;
				CLANG_WARN_CONSTANT_CONVERSION = YES;
				CLANG_WARN_DEPRECATED_OBJC_IMPLEMENTATIONS = YES;
				CLANG_WARN_DIRECT_OBJC_ISA_USAGE = YES_ERROR;
				CLANG_WARN_DOCUMENTATION_COMMENTS = YES;
				CLANG_WARN_EMPTY_BODY = YES;
				CLANG_WARN_ENUM_CONVERSION = YES;
				CLANG_WARN_INFINITE_RECURSION = YES;
				CLANG_WARN_INT_CONVERSION = YES;
				CLANG_WARN_NON_LITERAL_NULL_CONVERSION = YES;
				CLANG_WARN_OBJC_IMPLICIT_RETAIN_SELF = YES;
				CLANG_WARN_OBJC_LITERAL_CONVERSION = YES;
				CLANG_WARN_OBJC_ROOT_CLASS = YES_ERROR;
				CLANG_WARN_QUOTED_INCLUDE_IN_FRAMEWORK_HEADER = YES;
				CLANG_WARN_RANGE_LOOP_ANALYSIS = YES;
				CLANG_WARN_STRICT_PROTOTYPES = YES;
				CLANG_WARN_SUSPICIOUS_MOVE = YES;
				CLANG_WARN_UNGUARDED_AVAILABILITY = YES_AGGRESSIVE;
				CLANG_WARN_UNREACHABLE_CODE = YES;
				CLANG_WARN__DUPLICATE_METHOD_MATCH = YES;
				COPY_PHASE_STRIP = NO;
				DEBUG_INFORMATION_FORMAT = "dwarf-with-dsym";
				ENABLE_NS_ASSERTIONS = NO;
				ENABLE_STRICT_OBJC_MSGSEND = YES;
				GCC_C_LANGUAGE_STANDARD = gnu11;
				GCC_NO_COMMON_BLOCKS = YES;
				GCC_WARN_64_TO_32_BIT_CONVERSION = YES;
				GCC_WARN_ABOUT_RETURN_TYPE = YES_ERROR;
				GCC_WARN_UNDECLARED_SELECTOR = YES;
				GCC_WARN_UNINITIALIZED_AUTOS = YES_AGGRESSIVE;
				GCC_WARN_UNUSED_FUNCTION = YES;
				GCC_WARN_UNUSED_VARIABLE = YES;
				IPHONEOS_DEPLOYMENT_TARGET = 14.4;
				MTL_ENABLE_DEBUG_INFO = NO;
				MTL_FAST_MATH = YES;
				SDKROOT = iphoneos;
				SWIFT_COMPILATION_MODE = wholemodule;
				SWIFT_OPTIMIZATION_LEVEL = "-O";
				VALIDATE_PRODUCT = YES;
			};
			name = Release;
		};
		FC98A9512618B5140066725E /* Debug */ = {
			isa = XCBuildConfiguration;
			buildSettings = {
				ASSETCATALOG_COMPILER_APPICON_NAME = AppIcon;
				ASSETCATALOG_COMPILER_GLOBAL_ACCENT_COLOR_NAME = AccentColor;
				CODE_SIGN_STYLE = Automatic;
				INFOPLIST_FILE = Week1_hw/Info.plist;
				LD_RUNPATH_SEARCH_PATHS = (
					"$(inherited)",
					"@executable_path/Frameworks",
				);
				PRODUCT_BUNDLE_IDENTIFIER = "kong.Week1-hw";
				PRODUCT_NAME = "$(TARGET_NAME)";
				SWIFT_VERSION = 5.0;
				TARGETED_DEVICE_FAMILY = "1,2";
			};
			name = Debug;
		};
		FC98A9522618B5140066725E /* Release */ = {
			isa = XCBuildConfiguration;
			buildSettings = {
				ASSETCATALOG_COMPILER_APPICON_NAME = AppIcon;
				ASSETCATALOG_COMPILER_GLOBAL_ACCENT_COLOR_NAME = AccentColor;
				CODE_SIGN_STYLE = Automatic;
				INFOPLIST_FILE = Week1_hw/Info.plist;
				LD_RUNPATH_SEARCH_PATHS = (
					"$(inherited)",
					"@executable_path/Frameworks",
				);
				PRODUCT_BUNDLE_IDENTIFIER = "kong.Week1-hw";
				PRODUCT_NAME = "$(TARGET_NAME)";
				SWIFT_VERSION = 5.0;
				TARGETED_DEVICE_FAMILY = "1,2";
			};
			name = Release;
		};
/* End XCBuildConfiguration section */

/* Begin XCConfigurationList section */
		FC98A9372618B5100066725E /* Build configuration list for PBXProject "Week1_hw" */ = {
			isa = XCConfigurationList;
			buildConfigurations = (
				FC98A94E2618B5140066725E /* Debug */,
				FC98A94F2618B5140066725E /* Release */,
			);
			defaultConfigurationIsVisible = 0;
			defaultConfigurationName = Release;
		};
		FC98A9502618B5140066725E /* Build configuration list for PBXNativeTarget "Week1_hw" */ = {
			isa = XCConfigurationList;
			buildConfigurations = (
				FC98A9512618B5140066725E /* Debug */,
				FC98A9522618B5140066725E /* Release */,
			);
			defaultConfigurationIsVisible = 0;
			defaultConfigurationName = Release;
		};
/* End XCConfigurationList section */
	};
	rootObject = FC98A9342618B5100066725E /* Project object */;
}
